// !$*UTF8*$!
{
	archiveVersion = 1;
	classes = {
	};
	objectVersion = 55;
	objects = {

/* Begin PBXBuildFile section */
		9AE31D8D27A03740006B7FE9 /* AppDelegate.swift in Sources */ = {isa = PBXBuildFile; fileRef = 9AE31D8C27A03740006B7FE9 /* AppDelegate.swift */; };
		9AE31D8F27A03740006B7FE9 /* SceneDelegate.swift in Sources */ = {isa = PBXBuildFile; fileRef = 9AE31D8E27A03740006B7FE9 /* SceneDelegate.swift */; };
		9AE31D9127A03740006B7FE9 /* ViewController.swift in Sources */ = {isa = PBXBuildFile; fileRef = 9AE31D9027A03740006B7FE9 /* ViewController.swift */; };
		9AE31D9427A03740006B7FE9 /* Main.storyboard in Resources */ = {isa = PBXBuildFile; fileRef = 9AE31D9227A03740006B7FE9 /* Main.storyboard */; };
		9AE31D9627A03743006B7FE9 /* Assets.xcassets in Resources */ = {isa = PBXBuildFile; fileRef = 9AE31D9527A03743006B7FE9 /* Assets.xcassets */; };
		9AE31D9927A03743006B7FE9 /* LaunchScreen.storyboard in Resources */ = {isa = PBXBuildFile; fileRef = 9AE31D9727A03743006B7FE9 /* LaunchScreen.storyboard */; };
		9AE31DA427A03743006B7FE9 /* Simple_ToDoListTests.swift in Sources */ = {isa = PBXBuildFile; fileRef = 9AE31DA327A03743006B7FE9 /* Simple_ToDoListTests.swift */; };
		9AE31DAE27A03743006B7FE9 /* Simple_ToDoListUITests.swift in Sources */ = {isa = PBXBuildFile; fileRef = 9AE31DAD27A03743006B7FE9 /* Simple_ToDoListUITests.swift */; };
		9AE31DB027A03743006B7FE9 /* Simple_ToDoListUITestsLaunchTests.swift in Sources */ = {isa = PBXBuildFile; fileRef = 9AE31DAF27A03743006B7FE9 /* Simple_ToDoListUITestsLaunchTests.swift */; };
/* End PBXBuildFile section */

/* Begin PBXContainerItemProxy section */
		9AE31DA027A03743006B7FE9 /* PBXContainerItemProxy */ = {
			isa = PBXContainerItemProxy;
			containerPortal = 9AE31D8127A03740006B7FE9 /* Project object */;
			proxyType = 1;
			remoteGlobalIDString = 9AE31D8827A03740006B7FE9;
			remoteInfo = "Simple ToDoList";
		};
		9AE31DAA27A03743006B7FE9 /* PBXContainerItemProxy */ = {
			isa = PBXContainerItemProxy;
			containerPortal = 9AE31D8127A03740006B7FE9 /* Project object */;
			proxyType = 1;
			remoteGlobalIDString = 9AE31D8827A03740006B7FE9;
			remoteInfo = "Simple ToDoList";
		};
/* End PBXContainerItemProxy section */

/* Begin PBXFileReference section */
		9AE31D8927A03740006B7FE9 /* Simple ToDoList.app */ = {isa = PBXFileReference; explicitFileType = wrapper.application; includeInIndex = 0; path = "Simple ToDoList.app"; sourceTree = BUILT_PRODUCTS_DIR; };
		9AE31D8C27A03740006B7FE9 /* AppDelegate.swift */ = {isa = PBXFileReference; lastKnownFileType = sourcecode.swift; path = AppDelegate.swift; sourceTree = "<group>"; };
		9AE31D8E27A03740006B7FE9 /* SceneDelegate.swift */ = {isa = PBXFileReference; lastKnownFileType = sourcecode.swift; path = SceneDelegate.swift; sourceTree = "<group>"; };
		9AE31D9027A03740006B7FE9 /* ViewController.swift */ = {isa = PBXFileReference; lastKnownFileType = sourcecode.swift; path = ViewController.swift; sourceTree = "<group>"; };
		9AE31D9327A03740006B7FE9 /* Base */ = {isa = PBXFileReference; lastKnownFileType = file.storyboard; name = Base; path = Base.lproj/Main.storyboard; sourceTree = "<group>"; };
		9AE31D9527A03743006B7FE9 /* Assets.xcassets */ = {isa = PBXFileReference; lastKnownFileType = folder.assetcatalog; path = Assets.xcassets; sourceTree = "<group>"; };
		9AE31D9827A03743006B7FE9 /* Base */ = {isa = PBXFileReference; lastKnownFileType = file.storyboard; name = Base; path = Base.lproj/LaunchScreen.storyboard; sourceTree = "<group>"; };
		9AE31D9A27A03743006B7FE9 /* Info.plist */ = {isa = PBXFileReference; lastKnownFileType = text.plist.xml; path = Info.plist; sourceTree = "<group>"; };
		9AE31D9F27A03743006B7FE9 /* Simple ToDoListTests.xctest */ = {isa = PBXFileReference; explicitFileType = wrapper.cfbundle; includeInIndex = 0; path = "Simple ToDoListTests.xctest"; sourceTree = BUILT_PRODUCTS_DIR; };
		9AE31DA327A03743006B7FE9 /* Simple_ToDoListTests.swift */ = {isa = PBXFileReference; lastKnownFileType = sourcecode.swift; path = Simple_ToDoListTests.swift; sourceTree = "<group>"; };
		9AE31DA927A03743006B7FE9 /* Simple ToDoListUITests.xctest */ = {isa = PBXFileReference; explicitFileType = wrapper.cfbundle; includeInIndex = 0; path = "Simple ToDoListUITests.xctest"; sourceTree = BUILT_PRODUCTS_DIR; };
		9AE31DAD27A03743006B7FE9 /* Simple_ToDoListUITests.swift */ = {isa = PBXFileReference; lastKnownFileType = sourcecode.swift; path = Simple_ToDoListUITests.swift; sourceTree = "<group>"; };
		9AE31DAF27A03743006B7FE9 /* Simple_ToDoListUITestsLaunchTests.swift */ = {isa = PBXFileReference; lastKnownFileType = sourcecode.swift; path = Simple_ToDoListUITestsLaunchTests.swift; sourceTree = "<group>"; };
/* End PBXFileReference section */

/* Begin PBXFrameworksBuildPhase section */
		9AE31D8627A03740006B7FE9 /* Frameworks */ = {
			isa = PBXFrameworksBuildPhase;
			buildActionMask = 2147483647;
			files = (
			);
			runOnlyForDeploymentPostprocessing = 0;
		};
		9AE31D9C27A03743006B7FE9 /* Frameworks */ = {
			isa = PBXFrameworksBuildPhase;
			buildActionMask = 2147483647;
			files = (
			);
			runOnlyForDeploymentPostprocessing = 0;
		};
		9AE31DA627A03743006B7FE9 /* Frameworks */ = {
			isa = PBXFrameworksBuildPhase;
			buildActionMask = 2147483647;
			files = (
			);
			runOnlyForDeploymentPostprocessing = 0;
		};
/* End PBXFrameworksBuildPhase section */

/* Begin PBXGroup section */
		9AE31D8027A03740006B7FE9 = {
			isa = PBXGroup;
			children = (
				9AE31D8B27A03740006B7FE9 /* Simple ToDoList */,
				9AE31DA227A03743006B7FE9 /* Simple ToDoListTests */,
				9AE31DAC27A03743006B7FE9 /* Simple ToDoListUITests */,
				9AE31D8A27A03740006B7FE9 /* Products */,
			);
			sourceTree = "<group>";
		};
		9AE31D8A27A03740006B7FE9 /* Products */ = {
			isa = PBXGroup;
			children = (
				9AE31D8927A03740006B7FE9 /* Simple ToDoList.app */,
				9AE31D9F27A03743006B7FE9 /* Simple ToDoListTests.xctest */,
				9AE31DA927A03743006B7FE9 /* Simple ToDoListUITests.xctest */,
			);
			name = Products;
			sourceTree = "<group>";
		};
		9AE31D8B27A03740006B7FE9 /* Simple ToDoList */ = {
			isa = PBXGroup;
			children = (
				9AE31D8C27A03740006B7FE9 /* AppDelegate.swift */,
				9AE31D8E27A03740006B7FE9 /* SceneDelegate.swift */,
				9AE31D9027A03740006B7FE9 /* ViewController.swift */,
				9AE31D9227A03740006B7FE9 /* Main.storyboard */,
				9AE31D9527A03743006B7FE9 /* Assets.xcassets */,
				9AE31D9727A03743006B7FE9 /* LaunchScreen.storyboard */,
				9AE31D9A27A03743006B7FE9 /* Info.plist */,
			);
			path = "Simple ToDoList";
			sourceTree = "<group>";
		};
		9AE31DA227A03743006B7FE9 /* Simple ToDoListTests */ = {
			isa = PBXGroup;
			children = (
				9AE31DA327A03743006B7FE9 /* Simple_ToDoListTests.swift */,
			);
			path = "Simple ToDoListTests";
			sourceTree = "<group>";
		};
		9AE31DAC27A03743006B7FE9 /* Simple ToDoListUITests */ = {
			isa = PBXGroup;
			children = (
				9AE31DAD27A03743006B7FE9 /* Simple_ToDoListUITests.swift */,
				9AE31DAF27A03743006B7FE9 /* Simple_ToDoListUITestsLaunchTests.swift */,
			);
			path = "Simple ToDoListUITests";
			sourceTree = "<group>";
		};
/* End PBXGroup section */

/* Begin PBXNativeTarget section */
		9AE31D8827A03740006B7FE9 /* Simple ToDoList */ = {
			isa = PBXNativeTarget;
			buildConfigurationList = 9AE31DB327A03743006B7FE9 /* Build configuration list for PBXNativeTarget "Simple ToDoList" */;
			buildPhases = (
				9AE31D8527A03740006B7FE9 /* Sources */,
				9AE31D8627A03740006B7FE9 /* Frameworks */,
				9AE31D8727A03740006B7FE9 /* Resources */,
			);
			buildRules = (
			);
			dependencies = (
			);
			name = "Simple ToDoList";
			productName = "Simple ToDoList";
			productReference = 9AE31D8927A03740006B7FE9 /* Simple ToDoList.app */;
			productType = "com.apple.product-type.application";
		};
		9AE31D9E27A03743006B7FE9 /* Simple ToDoListTests */ = {
			isa = PBXNativeTarget;
			buildConfigurationList = 9AE31DB627A03743006B7FE9 /* Build configuration list for PBXNativeTarget "Simple ToDoListTests" */;
			buildPhases = (
				9AE31D9B27A03743006B7FE9 /* Sources */,
				9AE31D9C27A03743006B7FE9 /* Frameworks */,
				9AE31D9D27A03743006B7FE9 /* Resources */,
			);
			buildRules = (
			);
			dependencies = (
				9AE31DA127A03743006B7FE9 /* PBXTargetDependency */,
			);
			name = "Simple ToDoListTests";
			productName = "Simple ToDoListTests";
			productReference = 9AE31D9F27A03743006B7FE9 /* Simple ToDoListTests.xctest */;
			productType = "com.apple.product-type.bundle.unit-test";
		};
		9AE31DA827A03743006B7FE9 /* Simple ToDoListUITests */ = {
			isa = PBXNativeTarget;
			buildConfigurationList = 9AE31DB927A03743006B7FE9 /* Build configuration list for PBXNativeTarget "Simple ToDoListUITests" */;
			buildPhases = (
				9AE31DA527A03743006B7FE9 /* Sources */,
				9AE31DA627A03743006B7FE9 /* Frameworks */,
				9AE31DA727A03743006B7FE9 /* Resources */,
			);
			buildRules = (
			);
			dependencies = (
				9AE31DAB27A03743006B7FE9 /* PBXTargetDependency */,
			);
			name = "Simple ToDoListUITests";
			productName = "Simple ToDoListUITests";
			productReference = 9AE31DA927A03743006B7FE9 /* Simple ToDoListUITests.xctest */;
			productType = "com.apple.product-type.bundle.ui-testing";
		};
/* End PBXNativeTarget section */

/* Begin PBXProject section */
		9AE31D8127A03740006B7FE9 /* Project object */ = {
			isa = PBXProject;
			attributes = {
				BuildIndependentTargetsInParallel = 1;
				LastSwiftUpdateCheck = 1320;
				LastUpgradeCheck = 1320;
				TargetAttributes = {
					9AE31D8827A03740006B7FE9 = {
						CreatedOnToolsVersion = 13.2.1;
					};
					9AE31D9E27A03743006B7FE9 = {
						CreatedOnToolsVersion = 13.2.1;
						TestTargetID = 9AE31D8827A03740006B7FE9;
					};
					9AE31DA827A03743006B7FE9 = {
						CreatedOnToolsVersion = 13.2.1;
						TestTargetID = 9AE31D8827A03740006B7FE9;
					};
				};
			};
			buildConfigurationList = 9AE31D8427A03740006B7FE9 /* Build configuration list for PBXProject "Simple ToDoList" */;
			compatibilityVersion = "Xcode 13.0";
			developmentRegion = en;
			hasScannedForEncodings = 0;
			knownRegions = (
				en,
				Base,
			);
			mainGroup = 9AE31D8027A03740006B7FE9;
			productRefGroup = 9AE31D8A27A03740006B7FE9 /* Products */;
			projectDirPath = "";
			projectRoot = "";
			targets = (
				9AE31D8827A03740006B7FE9 /* Simple ToDoList */,
				9AE31D9E27A03743006B7FE9 /* Simple ToDoListTests */,
				9AE31DA827A03743006B7FE9 /* Simple ToDoListUITests */,
			);
		};
/* End PBXProject section */

/* Begin PBXResourcesBuildPhase section */
		9AE31D8727A03740006B7FE9 /* Resources */ = {
			isa = PBXResourcesBuildPhase;
			buildActionMask = 2147483647;
			files = (
				9AE31D9927A03743006B7FE9 /* LaunchScreen.storyboard in Resources */,
				9AE31D9627A03743006B7FE9 /* Assets.xcassets in Resources */,
				9AE31D9427A03740006B7FE9 /* Main.storyboard in Resources */,
			);
			runOnlyForDeploymentPostprocessing = 0;
		};
		9AE31D9D27A03743006B7FE9 /* Resources */ = {
			isa = PBXResourcesBuildPhase;
			buildActionMask = 2147483647;
			files = (
			);
			runOnlyForDeploymentPostprocessing = 0;
		};
		9AE31DA727A03743006B7FE9 /* Resources */ = {
			isa = PBXResourcesBuildPhase;
			buildActionMask = 2147483647;
			files = (
			);
			runOnlyForDeploymentPostprocessing = 0;
		};
/* End PBXResourcesBuildPhase section */

/* Begin PBXSourcesBuildPhase section */
		9AE31D8527A03740006B7FE9 /* Sources */ = {
			isa = PBXSourcesBuildPhase;
			buildActionMask = 2147483647;
			files = (
				9AE31D9127A03740006B7FE9 /* ViewController.swift in Sources */,
				9AE31D8D27A03740006B7FE9 /* AppDelegate.swift in Sources */,
				9AE31D8F27A03740006B7FE9 /* SceneDelegate.swift in Sources */,
			);
			runOnlyForDeploymentPostprocessing = 0;
		};
		9AE31D9B27A03743006B7FE9 /* Sources */ = {
			isa = PBXSourcesBuildPhase;
			buildActionMask = 2147483647;
			files = (
				9AE31DA427A03743006B7FE9 /* Simple_ToDoListTests.swift in Sources */,
			);
			runOnlyForDeploymentPostprocessing = 0;
		};
		9AE31DA527A03743006B7FE9 /* Sources */ = {
			isa = PBXSourcesBuildPhase;
			buildActionMask = 2147483647;
			files = (
				9AE31DB027A03743006B7FE9 /* Simple_ToDoListUITestsLaunchTests.swift in Sources */,
				9AE31DAE27A03743006B7FE9 /* Simple_ToDoListUITests.swift in Sources */,
			);
			runOnlyForDeploymentPostprocessing = 0;
		};
/* End PBXSourcesBuildPhase section */

/* Begin PBXTargetDependency section */
		9AE31DA127A03743006B7FE9 /* PBXTargetDependency */ = {
			isa = PBXTargetDependency;
			target = 9AE31D8827A03740006B7FE9 /* Simple ToDoList */;
			targetProxy = 9AE31DA027A03743006B7FE9 /* PBXContainerItemProxy */;
		};
		9AE31DAB27A03743006B7FE9 /* PBXTargetDependency */ = {
			isa = PBXTargetDependency;
			target = 9AE31D8827A03740006B7FE9 /* Simple ToDoList */;
			targetProxy = 9AE31DAA27A03743006B7FE9 /* PBXContainerItemProxy */;
		};
/* End PBXTargetDependency section */

/* Begin PBXVariantGroup section */
		9AE31D9227A03740006B7FE9 /* Main.storyboard */ = {
			isa = PBXVariantGroup;
			children = (
				9AE31D9327A03740006B7FE9 /* Base */,
			);
			name = Main.storyboard;
			sourceTree = "<group>";
		};
		9AE31D9727A03743006B7FE9 /* LaunchScreen.storyboard */ = {
			isa = PBXVariantGroup;
			children = (
				9AE31D9827A03743006B7FE9 /* Base */,
			);
			name = LaunchScreen.storyboard;
			sourceTree = "<group>";
		};
/* End PBXVariantGroup section */

/* Begin XCBuildConfiguration section */
		9AE31DB127A03743006B7FE9 /* Debug */ = {
			isa = XCBuildConfiguration;
			buildSettings = {
				ALWAYS_SEARCH_USER_PATHS = NO;
				CLANG_ANALYZER_NONNULL = YES;
				CLANG_ANALYZER_NUMBER_OBJECT_CONVERSION = YES_AGGRESSIVE;
				CLANG_CXX_LANGUAGE_STANDARD = "gnu++17";
				CLANG_CXX_LIBRARY = "libc++";
				CLANG_ENABLE_MODULES = YES;
				CLANG_ENABLE_OBJC_ARC = YES;
				CLANG_ENABLE_OBJC_WEAK = YES;
				CLANG_WARN_BLOCK_CAPTURE_AUTORELEASING = YES;
				CLANG_WARN_BOOL_CONVERSION = YES;
				CLANG_WARN_COMMA = YES;
				CLANG_WARN_CONSTANT_CONVERSION = YES;
				CLANG_WARN_DEPRECATED_OBJC_IMPLEMENTATIONS = YES;
				CLANG_WARN_DIRECT_OBJC_ISA_USAGE = YES_ERROR;
				CLANG_WARN_DOCUMENTATION_COMMENTS = YES;
				CLANG_WARN_EMPTY_BODY = YES;
				CLANG_WARN_ENUM_CONVERSION = YES;
				CLANG_WARN_INFINITE_RECURSION = YES;
				CLANG_WARN_INT_CONVERSION = YES;
				CLANG_WARN_NON_LITERAL_NULL_CONVERSION = YES;
				CLANG_WARN_OBJC_IMPLICIT_RETAIN_SELF = YES;
				CLANG_WARN_OBJC_LITERAL_CONVERSION = YES;
				CLANG_WARN_OBJC_ROOT_CLASS = YES_ERROR;
				CLANG_WARN_QUOTED_INCLUDE_IN_FRAMEWORK_HEADER = YES;
				CLANG_WARN_RANGE_LOOP_ANALYSIS = YES;
				CLANG_WARN_STRICT_PROTOTYPES = YES;
				CLANG_WARN_SUSPICIOUS_MOVE = YES;
				CLANG_WARN_UNGUARDED_AVAILABILITY = YES_AGGRESSIVE;
				CLANG_WARN_UNREACHABLE_CODE = YES;
				CLANG_WARN__DUPLICATE_METHOD_MATCH = YES;
				COPY_PHASE_STRIP = NO;
				DEBUG_INFORMATION_FORMAT = dwarf;
				ENABLE_STRICT_OBJC_MSGSEND = YES;
				ENABLE_TESTABILITY = YES;
				GCC_C_LANGUAGE_STANDARD = gnu11;
				GCC_DYNAMIC_NO_PIC = NO;
				GCC_NO_COMMON_BLOCKS = YES;
				GCC_OPTIMIZATION_LEVEL = 0;
				GCC_PREPROCESSOR_DEFINITIONS = (
					"DEBUG=1",
					"$(inherited)",
				);
				GCC_WARN_64_TO_32_BIT_CONVERSION = YES;
				GCC_WARN_ABOUT_RETURN_TYPE = YES_ERROR;
				GCC_WARN_UNDECLARED_SELECTOR = YES;
				GCC_WARN_UNINITIALIZED_AUTOS = YES_AGGRESSIVE;
				GCC_WARN_UNUSED_FUNCTION = YES;
				GCC_WARN_UNUSED_VARIABLE = YES;
				IPHONEOS_DEPLOYMENT_TARGET = 15.2;
				MTL_ENABLE_DEBUG_INFO = INCLUDE_SOURCE;
				MTL_FAST_MATH = YES;
				ONLY_ACTIVE_ARCH = YES;
				SDKROOT = iphoneos;
				SWIFT_ACTIVE_COMPILATION_CONDITIONS = DEBUG;
				SWIFT_OPTIMIZATION_LEVEL = "-Onone";
			};
			name = Debug;
		};
		9AE31DB227A03743006B7FE9 /* Release */ = {
			isa = XCBuildConfiguration;
			buildSettings = {
				ALWAYS_SEARCH_USER_PATHS = NO;
				CLANG_ANALYZER_NONNULL = YES;
				CLANG_ANALYZER_NUMBER_OBJECT_CONVERSION = YES_AGGRESSIVE;
				CLANG_CXX_LANGUAGE_STANDARD = "gnu++17";
				CLANG_CXX_LIBRARY = "libc++";
				CLANG_ENABLE_MODULES = YES;
				CLANG_ENABLE_OBJC_ARC = YES;
				CLANG_ENABLE_OBJC_WEAK = YES;
				CLANG_WARN_BLOCK_CAPTURE_AUTORELEASING = YES;
				CLANG_WARN_BOOL_CONVERSION = YES;
				CLANG_WARN_COMMA = YES;
				CLANG_WARN_CONSTANT_CONVERSION = YES;
				CLANG_WARN_DEPRECATED_OBJC_IMPLEMENTATIONS = YES;
				CLANG_WARN_DIRECT_OBJC_ISA_USAGE = YES_ERROR;
				CLANG_WARN_DOCUMENTATION_COMMENTS = YES;
				CLANG_WARN_EMPTY_BODY = YES;
				CLANG_WARN_ENUM_CONVERSION = YES;
				CLANG_WARN_INFINITE_RECURSION = YES;
				CLANG_WARN_INT_CONVERSION = YES;
				CLANG_WARN_NON_LITERAL_NULL_CONVERSION = YES;
				CLANG_WARN_OBJC_IMPLICIT_RETAIN_SELF = YES;
				CLANG_WARN_OBJC_LITERAL_CONVERSION = YES;
				CLANG_WARN_OBJC_ROOT_CLASS = YES_ERROR;
				CLANG_WARN_QUOTED_INCLUDE_IN_FRAMEWORK_HEADER = YES;
				CLANG_WARN_RANGE_LOOP_ANALYSIS = YES;
				CLANG_WARN_STRICT_PROTOTYPES = YES;
				CLANG_WARN_SUSPICIOUS_MOVE = YES;
				CLANG_WARN_UNGUARDED_AVAILABILITY = YES_AGGRESSIVE;
				CLANG_WARN_UNREACHABLE_CODE = YES;
				CLANG_WARN__DUPLICATE_METHOD_MATCH = YES;
				COPY_PHASE_STRIP = NO;
				DEBUG_INFORMATION_FORMAT = "dwarf-with-dsym";
				ENABLE_NS_ASSERTIONS = NO;
				ENABLE_STRICT_OBJC_MSGSEND = YES;
				GCC_C_LANGUAGE_STANDARD = gnu11;
				GCC_NO_COMMON_BLOCKS = YES;
				GCC_WARN_64_TO_32_BIT_CONVERSION = YES;
				GCC_WARN_ABOUT_RETURN_TYPE = YES_ERROR;
				GCC_WARN_UNDECLARED_SELECTOR = YES;
				GCC_WARN_UNINITIALIZED_AUTOS = YES_AGGRESSIVE;
				GCC_WARN_UNUSED_FUNCTION = YES;
				GCC_WARN_UNUSED_VARIABLE = YES;
				IPHONEOS_DEPLOYMENT_TARGET = 15.2;
				MTL_ENABLE_DEBUG_INFO = NO;
				MTL_FAST_MATH = YES;
				SDKROOT = iphoneos;
				SWIFT_COMPILATION_MODE = wholemodule;
				SWIFT_OPTIMIZATION_LEVEL = "-O";
				VALIDATE_PRODUCT = YES;
			};
			name = Release;
		};
		9AE31DB427A03743006B7FE9 /* Debug */ = {
			isa = XCBuildConfiguration;
			buildSettings = {
				ASSETCATALOG_COMPILER_APPICON_NAME = AppIcon;
				ASSETCATALOG_COMPILER_GLOBAL_ACCENT_COLOR_NAME = AccentColor;
				CODE_SIGN_STYLE = Automatic;
				CURRENT_PROJECT_VERSION = 1;
				DEVELOPMENT_TEAM = GFA6FPM6N8;
				GENERATE_INFOPLIST_FILE = YES;
				INFOPLIST_FILE = "Simple ToDoList/Info.plist";
				INFOPLIST_KEY_UIApplicationSupportsIndirectInputEvents = YES;
				INFOPLIST_KEY_UILaunchStoryboardName = LaunchScreen;
				INFOPLIST_KEY_UIMainStoryboardFile = Main;
				INFOPLIST_KEY_UISupportedInterfaceOrientations_iPad = "UIInterfaceOrientationPortrait UIInterfaceOrientationPortraitUpsideDown UIInterfaceOrientationLandscapeLeft UIInterfaceOrientationLandscapeRight";
				INFOPLIST_KEY_UISupportedInterfaceOrientations_iPhone = "UIInterfaceOrientationPortrait UIInterfaceOrientationLandscapeLeft UIInterfaceOrientationLandscapeRight";
				LD_RUNPATH_SEARCH_PATHS = (
					"$(inherited)",
					"@executable_path/Frameworks",
				);
				MARKETING_VERSION = 1.0;
				PRODUCT_BUNDLE_IDENTIFIER = "dev.hyagohenrique.Simple-ToDoList";
				PRODUCT_NAME = "$(TARGET_NAME)";
				SWIFT_EMIT_LOC_STRINGS = YES;
				SWIFT_VERSION = 5.0;
				TARGETED_DEVICE_FAMILY = "1,2";
			};
			name = Debug;
		};
		9AE31DB527A03743006B7FE9 /* Release */ = {
			isa = XCBuildConfiguration;
			buildSettings = {
				ASSETCATALOG_COMPILER_APPICON_NAME = AppIcon;
				ASSETCATALOG_COMPILER_GLOBAL_ACCENT_COLOR_NAME = AccentColor;
				CODE_SIGN_STYLE = Automatic;
				CURRENT_PROJECT_VERSION = 1;
				DEVELOPMENT_TEAM = GFA6FPM6N8;
				GENERATE_INFOPLIST_FILE = YES;
				INFOPLIST_FILE = "Simple ToDoList/Info.plist";
				INFOPLIST_KEY_UIApplicationSupportsIndirectInputEvents = YES;
				INFOPLIST_KEY_UILaunchStoryboardName = LaunchScreen;
				INFOPLIST_KEY_UIMainStoryboardFile = Main;
				INFOPLIST_KEY_UISupportedInterfaceOrientations_iPad = "UIInterfaceOrientationPortrait UIInterfaceOrientationPortraitUpsideDown UIInterfaceOrientationLandscapeLeft UIInterfaceOrientationLandscapeRight";
				INFOPLIST_KEY_UISupportedInterfaceOrientations_iPhone = "UIInterfaceOrientationPortrait UIInterfaceOrientationLandscapeLeft UIInterfaceOrientationLandscapeRight";
				LD_RUNPATH_SEARCH_PATHS = (
					"$(inherited)",
					"@executable_path/Frameworks",
				);
				MARKETING_VERSION = 1.0;
				PRODUCT_BUNDLE_IDENTIFIER = "dev.hyagohenrique.Simple-ToDoList";
				PRODUCT_NAME = "$(TARGET_NAME)";
				SWIFT_EMIT_LOC_STRINGS = YES;
				SWIFT_VERSION = 5.0;
				TARGETED_DEVICE_FAMILY = "1,2";
			};
			name = Release;
		};
		9AE31DB727A03743006B7FE9 /* Debug */ = {
			isa = XCBuildConfiguration;
			buildSettings = {
				ALWAYS_EMBED_SWIFT_STANDARD_LIBRARIES = YES;
				BUNDLE_LOADER = "$(TEST_HOST)";
				CODE_SIGN_STYLE = Automatic;
				CURRENT_PROJECT_VERSION = 1;
				DEVELOPMENT_TEAM = GFA6FPM6N8;
				GENERATE_INFOPLIST_FILE = YES;
				IPHONEOS_DEPLOYMENT_TARGET = 15.2;
				MARKETING_VERSION = 1.0;
				PRODUCT_BUNDLE_IDENTIFIER = "dev.hyagohenrique.Simple-ToDoListTests";
				PRODUCT_NAME = "$(TARGET_NAME)";
				SWIFT_EMIT_LOC_STRINGS = NO;
				SWIFT_VERSION = 5.0;
				TARGETED_DEVICE_FAMILY = "1,2";
				TEST_HOST = "$(BUILT_PRODUCTS_DIR)/Simple ToDoList.app/Simple ToDoList";
			};
			name = Debug;
		};
		9AE31DB827A03743006B7FE9 /* Release */ = {
			isa = XCBuildConfiguration;
			buildSettings = {
				ALWAYS_EMBED_SWIFT_STANDARD_LIBRARIES = YES;
				BUNDLE_LOADER = "$(TEST_HOST)";
				CODE_SIGN_STYLE = Automatic;
				CURRENT_PROJECT_VERSION = 1;
				DEVELOPMENT_TEAM = GFA6FPM6N8;
				GENERATE_INFOPLIST_FILE = YES;
				IPHONEOS_DEPLOYMENT_TARGET = 15.2;
				MARKETING_VERSION = 1.0;
				PRODUCT_BUNDLE_IDENTIFIER = "dev.hyagohenrique.Simple-ToDoListTests";
				PRODUCT_NAME = "$(TARGET_NAME)";
				SWIFT_EMIT_LOC_STRINGS = NO;
				SWIFT_VERSION = 5.0;
				TARGETED_DEVICE_FAMILY = "1,2";
				TEST_HOST = "$(BUILT_PRODUCTS_DIR)/Simple ToDoList.app/Simple ToDoList";
			};
			name = Release;
		};
		9AE31DBA27A03743006B7FE9 /* Debug */ = {
			isa = XCBuildConfiguration;
			buildSettings = {
				ALWAYS_EMBED_SWIFT_STANDARD_LIBRARIES = YES;
				CODE_SIGN_STYLE = Automatic;
				CURRENT_PROJECT_VERSION = 1;
				DEVELOPMENT_TEAM = GFA6FPM6N8;
				GENERATE_INFOPLIST_FILE = YES;
				MARKETING_VERSION = 1.0;
				PRODUCT_BUNDLE_IDENTIFIER = "dev.hyagohenrique.Simple-ToDoListUITests";
				PRODUCT_NAME = "$(TARGET_NAME)";
				SWIFT_EMIT_LOC_STRINGS = NO;
				SWIFT_VERSION = 5.0;
				TARGETED_DEVICE_FAMILY = "1,2";
				TEST_TARGET_NAME = "Simple ToDoList";
			};
			name = Debug;
		};
		9AE31DBB27A03743006B7FE9 /* Release */ = {
			isa = XCBuildConfiguration;
			buildSettings = {
				ALWAYS_EMBED_SWIFT_STANDARD_LIBRARIES = YES;
				CODE_SIGN_STYLE = Automatic;
				CURRENT_PROJECT_VERSION = 1;
				DEVELOPMENT_TEAM = GFA6FPM6N8;
				GENERATE_INFOPLIST_FILE = YES;
				MARKETING_VERSION = 1.0;
				PRODUCT_BUNDLE_IDENTIFIER = "dev.hyagohenrique.Simple-ToDoListUITests";
				PRODUCT_NAME = "$(TARGET_NAME)";
				SWIFT_EMIT_LOC_STRINGS = NO;
				SWIFT_VERSION = 5.0;
				TARGETED_DEVICE_FAMILY = "1,2";
				TEST_TARGET_NAME = "Simple ToDoList";
			};
			name = Release;
		};
/* End XCBuildConfiguration section */

/* Begin XCConfigurationList section */
		9AE31D8427A03740006B7FE9 /* Build configuration list for PBXProject "Simple ToDoList" */ = {
			isa = XCConfigurationList;
			buildConfigurations = (
				9AE31DB127A03743006B7FE9 /* Debug */,
				9AE31DB227A03743006B7FE9 /* Release */,
			);
			defaultConfigurationIsVisible = 0;
			defaultConfigurationName = Release;
		};
		9AE31DB327A03743006B7FE9 /* Build configuration list for PBXNativeTarget "Simple ToDoList" */ = {
			isa = XCConfigurationList;
			buildConfigurations = (
				9AE31DB427A03743006B7FE9 /* Debug */,
				9AE31DB527A03743006B7FE9 /* Release */,
			);
			defaultConfigurationIsVisible = 0;
			defaultConfigurationName = Release;
		};
		9AE31DB627A03743006B7FE9 /* Build configuration list for PBXNativeTarget "Simple ToDoListTests" */ = {
			isa = XCConfigurationList;
			buildConfigurations = (
				9AE31DB727A03743006B7FE9 /* Debug */,
				9AE31DB827A03743006B7FE9 /* Release */,
			);
			defaultConfigurationIsVisible = 0;
			defaultConfigurationName = Release;
		};
		9AE31DB927A03743006B7FE9 /* Build configuration list for PBXNativeTarget "Simple ToDoListUITests" */ = {
			isa = XCConfigurationList;
			buildConfigurations = (
				9AE31DBA27A03743006B7FE9 /* Debug */,
				9AE31DBB27A03743006B7FE9 /* Release */,
			);
			defaultConfigurationIsVisible = 0;
			defaultConfigurationName = Release;
		};
/* End XCConfigurationList section */
	};
	rootObject = 9AE31D8127A03740006B7FE9 /* Project object */;
}
